
Microsoft Visual Studio Solution File, Format Version 12.00
# Visual Studio Version 16
VisualStudioVersion = 25.0.1705.2
MinimumVisualStudioVersion = 10.0.40219.1
Project("{FAE04EC0-301F-11D3-BF4B-00C04F79EFBC}") = "accounting", "accounting.csproj", "{33CEDBA7-7039-4B92-BBA6-7C00F556796C}"
EndProject
Global
	GlobalSection(SolutionConfigurationPlatforms) = preSolution
		Debug|Any CPU = Debug|Any CPU
		Release|Any CPU = Release|Any CPU
	EndGlobalSection
	GlobalSection(ProjectConfigurationPlatforms) = postSolution
		{33CEDBA7-7039-4B92-BBA6-7C00F556796C}.Debug|Any CPU.ActiveCfg = Debug|Any CPU
		{33CEDBA7-7039-4B92-BBA6-7C00F556796C}.Debug|Any CPU.Build.0 = Debug|Any CPU
		{33CEDBA7-7039-4B92-BBA6-7C00F556796C}.Release|Any CPU.ActiveCfg = Release|Any CPU
		{33CEDBA7-7039-4B92-BBA6-7C00F556796C}.Release|Any CPU.Build.0 = Release|Any CPU
	EndGlobalSection
	GlobalSection(SolutionProperties) = preSolution
		HideSolutionNode = FALSE
	EndGlobalSection
	GlobalSection(ExtensibilityGlobals) = postSolution
		SolutionGuid = {ABEFA649-6FB2-4017-B2E1-0C11B6F632ED}
	EndGlobalSection
EndGlobal
